// !$*UTF8*$!
{
	archiveVersion = 1;
	classes = {
	};
	objectVersion = 56;
	objects = {

/* Begin PBXBuildFile section */
		8E4DA2902C8B37A600E461E6 /* AppDelegate.swift in Sources */ = {isa = PBXBuildFile; fileRef = 8E4DA28F2C8B37A600E461E6 /* AppDelegate.swift */; };
		8E4DA2922C8B37A600E461E6 /* SceneDelegate.swift in Sources */ = {isa = PBXBuildFile; fileRef = 8E4DA2912C8B37A600E461E6 /* SceneDelegate.swift */; };
		8E4DA2942C8B37A600E461E6 /* ViewController.swift in Sources */ = {isa = PBXBuildFile; fileRef = 8E4DA2932C8B37A600E461E6 /* ViewController.swift */; };
		8E4DA2972C8B37A600E461E6 /* Base in Resources */ = {isa = PBXBuildFile; fileRef = 8E4DA2962C8B37A600E461E6 /* Base */; };
		8E4DA2992C8B37A700E461E6 /* Assets.xcassets in Resources */ = {isa = PBXBuildFile; fileRef = 8E4DA2982C8B37A700E461E6 /* Assets.xcassets */; };
		8E4DA29C2C8B37A700E461E6 /* Base in Resources */ = {isa = PBXBuildFile; fileRef = 8E4DA29B2C8B37A700E461E6 /* Base */; };
		8E4DA2A72C8B37A800E461E6 /* CafeynTests.swift in Sources */ = {isa = PBXBuildFile; fileRef = 8E4DA2A62C8B37A800E461E6 /* CafeynTests.swift */; };
		8E4DA2B12C8B37A800E461E6 /* CafeynUITests.swift in Sources */ = {isa = PBXBuildFile; fileRef = 8E4DA2B02C8B37A800E461E6 /* CafeynUITests.swift */; };
		8E4DA2B32C8B37A800E461E6 /* CafeynUITestsLaunchTests.swift in Sources */ = {isa = PBXBuildFile; fileRef = 8E4DA2B22C8B37A800E461E6 /* CafeynUITestsLaunchTests.swift */; };
/* End PBXBuildFile section */

/* Begin PBXContainerItemProxy section */
		8E4DA2A32C8B37A800E461E6 /* PBXContainerItemProxy */ = {
			isa = PBXContainerItemProxy;
			containerPortal = 8E4DA2842C8B37A600E461E6 /* Project object */;
			proxyType = 1;
			remoteGlobalIDString = 8E4DA28B2C8B37A600E461E6;
			remoteInfo = Cafeyn;
		};
		8E4DA2AD2C8B37A800E461E6 /* PBXContainerItemProxy */ = {
			isa = PBXContainerItemProxy;
			containerPortal = 8E4DA2842C8B37A600E461E6 /* Project object */;
			proxyType = 1;
			remoteGlobalIDString = 8E4DA28B2C8B37A600E461E6;
			remoteInfo = Cafeyn;
		};
/* End PBXContainerItemProxy section */

/* Begin PBXFileReference section */
		8E4DA28C2C8B37A600E461E6 /* Cafeyn.app */ = {isa = PBXFileReference; explicitFileType = wrapper.application; includeInIndex = 0; path = Cafeyn.app; sourceTree = BUILT_PRODUCTS_DIR; };
		8E4DA28F2C8B37A600E461E6 /* AppDelegate.swift */ = {isa = PBXFileReference; lastKnownFileType = sourcecode.swift; path = AppDelegate.swift; sourceTree = "<group>"; };
		8E4DA2912C8B37A600E461E6 /* SceneDelegate.swift */ = {isa = PBXFileReference; lastKnownFileType = sourcecode.swift; path = SceneDelegate.swift; sourceTree = "<group>"; };
		8E4DA2932C8B37A600E461E6 /* ViewController.swift */ = {isa = PBXFileReference; lastKnownFileType = sourcecode.swift; path = ViewController.swift; sourceTree = "<group>"; };
		8E4DA2962C8B37A600E461E6 /* Base */ = {isa = PBXFileReference; lastKnownFileType = file.storyboard; name = Base; path = Base.lproj/Main.storyboard; sourceTree = "<group>"; };
		8E4DA2982C8B37A700E461E6 /* Assets.xcassets */ = {isa = PBXFileReference; lastKnownFileType = folder.assetcatalog; path = Assets.xcassets; sourceTree = "<group>"; };
		8E4DA29B2C8B37A700E461E6 /* Base */ = {isa = PBXFileReference; lastKnownFileType = file.storyboard; name = Base; path = Base.lproj/LaunchScreen.storyboard; sourceTree = "<group>"; };
		8E4DA29D2C8B37A700E461E6 /* Info.plist */ = {isa = PBXFileReference; lastKnownFileType = text.plist.xml; path = Info.plist; sourceTree = "<group>"; };
		8E4DA2A22C8B37A800E461E6 /* CafeynTests.xctest */ = {isa = PBXFileReference; explicitFileType = wrapper.cfbundle; includeInIndex = 0; path = CafeynTests.xctest; sourceTree = BUILT_PRODUCTS_DIR; };
		8E4DA2A62C8B37A800E461E6 /* CafeynTests.swift */ = {isa = PBXFileReference; lastKnownFileType = sourcecode.swift; path = CafeynTests.swift; sourceTree = "<group>"; };
		8E4DA2AC2C8B37A800E461E6 /* CafeynUITests.xctest */ = {isa = PBXFileReference; explicitFileType = wrapper.cfbundle; includeInIndex = 0; path = CafeynUITests.xctest; sourceTree = BUILT_PRODUCTS_DIR; };
		8E4DA2B02C8B37A800E461E6 /* CafeynUITests.swift */ = {isa = PBXFileReference; lastKnownFileType = sourcecode.swift; path = CafeynUITests.swift; sourceTree = "<group>"; };
		8E4DA2B22C8B37A800E461E6 /* CafeynUITestsLaunchTests.swift */ = {isa = PBXFileReference; lastKnownFileType = sourcecode.swift; path = CafeynUITestsLaunchTests.swift; sourceTree = "<group>"; };
/* End PBXFileReference section */

/* Begin PBXFrameworksBuildPhase section */
		8E4DA2892C8B37A600E461E6 /* Frameworks */ = {
			isa = PBXFrameworksBuildPhase;
			buildActionMask = 2147483647;
			files = (
			);
			runOnlyForDeploymentPostprocessing = 0;
		};
		8E4DA29F2C8B37A800E461E6 /* Frameworks */ = {
			isa = PBXFrameworksBuildPhase;
			buildActionMask = 2147483647;
			files = (
			);
			runOnlyForDeploymentPostprocessing = 0;
		};
		8E4DA2A92C8B37A800E461E6 /* Frameworks */ = {
			isa = PBXFrameworksBuildPhase;
			buildActionMask = 2147483647;
			files = (
			);
			runOnlyForDeploymentPostprocessing = 0;
		};
/* End PBXFrameworksBuildPhase section */

/* Begin PBXGroup section */
		8E4DA2832C8B37A600E461E6 = {
			isa = PBXGroup;
			children = (
				8E4DA28E2C8B37A600E461E6 /* Cafeyn */,
				8E4DA2A52C8B37A800E461E6 /* CafeynTests */,
				8E4DA2AF2C8B37A800E461E6 /* CafeynUITests */,
				8E4DA28D2C8B37A600E461E6 /* Products */,
			);
			sourceTree = "<group>";
		};
		8E4DA28D2C8B37A600E461E6 /* Products */ = {
			isa = PBXGroup;
			children = (
				8E4DA28C2C8B37A600E461E6 /* Cafeyn.app */,
				8E4DA2A22C8B37A800E461E6 /* CafeynTests.xctest */,
				8E4DA2AC2C8B37A800E461E6 /* CafeynUITests.xctest */,
			);
			name = Products;
			sourceTree = "<group>";
		};
		8E4DA28E2C8B37A600E461E6 /* Cafeyn */ = {
			isa = PBXGroup;
			children = (
				8E4DA28F2C8B37A600E461E6 /* AppDelegate.swift */,
				8E4DA2912C8B37A600E461E6 /* SceneDelegate.swift */,
				8E4DA2932C8B37A600E461E6 /* ViewController.swift */,
				8E4DA2952C8B37A600E461E6 /* Main.storyboard */,
				8E4DA2982C8B37A700E461E6 /* Assets.xcassets */,
				8E4DA29A2C8B37A700E461E6 /* LaunchScreen.storyboard */,
				8E4DA29D2C8B37A700E461E6 /* Info.plist */,
			);
			path = Cafeyn;
			sourceTree = "<group>";
		};
		8E4DA2A52C8B37A800E461E6 /* CafeynTests */ = {
			isa = PBXGroup;
			children = (
				8E4DA2A62C8B37A800E461E6 /* CafeynTests.swift */,
			);
			path = CafeynTests;
			sourceTree = "<group>";
		};
		8E4DA2AF2C8B37A800E461E6 /* CafeynUITests */ = {
			isa = PBXGroup;
			children = (
				8E4DA2B02C8B37A800E461E6 /* CafeynUITests.swift */,
				8E4DA2B22C8B37A800E461E6 /* CafeynUITestsLaunchTests.swift */,
			);
			path = CafeynUITests;
			sourceTree = "<group>";
		};
/* End PBXGroup section */

/* Begin PBXNativeTarget section */
		8E4DA28B2C8B37A600E461E6 /* Cafeyn */ = {
			isa = PBXNativeTarget;
			buildConfigurationList = 8E4DA2B62C8B37A800E461E6 /* Build configuration list for PBXNativeTarget "Cafeyn" */;
			buildPhases = (
				8E4DA2882C8B37A600E461E6 /* Sources */,
				8E4DA2892C8B37A600E461E6 /* Frameworks */,
				8E4DA28A2C8B37A600E461E6 /* Resources */,
			);
			buildRules = (
			);
			dependencies = (
			);
			name = Cafeyn;
			productName = Cafeyn;
			productReference = 8E4DA28C2C8B37A600E461E6 /* Cafeyn.app */;
			productType = "com.apple.product-type.application";
		};
		8E4DA2A12C8B37A800E461E6 /* CafeynTests */ = {
			isa = PBXNativeTarget;
			buildConfigurationList = 8E4DA2B92C8B37A800E461E6 /* Build configuration list for PBXNativeTarget "CafeynTests" */;
			buildPhases = (
				8E4DA29E2C8B37A800E461E6 /* Sources */,
				8E4DA29F2C8B37A800E461E6 /* Frameworks */,
				8E4DA2A02C8B37A800E461E6 /* Resources */,
			);
			buildRules = (
			);
			dependencies = (
				8E4DA2A42C8B37A800E461E6 /* PBXTargetDependency */,
			);
			name = CafeynTests;
			productName = CafeynTests;
			productReference = 8E4DA2A22C8B37A800E461E6 /* CafeynTests.xctest */;
			productType = "com.apple.product-type.bundle.unit-test";
		};
		8E4DA2AB2C8B37A800E461E6 /* CafeynUITests */ = {
			isa = PBXNativeTarget;
			buildConfigurationList = 8E4DA2BC2C8B37A800E461E6 /* Build configuration list for PBXNativeTarget "CafeynUITests" */;
			buildPhases = (
				8E4DA2A82C8B37A800E461E6 /* Sources */,
				8E4DA2A92C8B37A800E461E6 /* Frameworks */,
				8E4DA2AA2C8B37A800E461E6 /* Resources */,
			);
			buildRules = (
			);
			dependencies = (
				8E4DA2AE2C8B37A800E461E6 /* PBXTargetDependency */,
			);
			name = CafeynUITests;
			productName = CafeynUITests;
			productReference = 8E4DA2AC2C8B37A800E461E6 /* CafeynUITests.xctest */;
			productType = "com.apple.product-type.bundle.ui-testing";
		};
/* End PBXNativeTarget section */

/* Begin PBXProject section */
		8E4DA2842C8B37A600E461E6 /* Project object */ = {
			isa = PBXProject;
			attributes = {
				BuildIndependentTargetsInParallel = 1;
				LastSwiftUpdateCheck = 1530;
				LastUpgradeCheck = 1530;
				TargetAttributes = {
					8E4DA28B2C8B37A600E461E6 = {
						CreatedOnToolsVersion = 15.3;
					};
					8E4DA2A12C8B37A800E461E6 = {
						CreatedOnToolsVersion = 15.3;
						TestTargetID = 8E4DA28B2C8B37A600E461E6;
					};
					8E4DA2AB2C8B37A800E461E6 = {
						CreatedOnToolsVersion = 15.3;
						TestTargetID = 8E4DA28B2C8B37A600E461E6;
					};
				};
			};
			buildConfigurationList = 8E4DA2872C8B37A600E461E6 /* Build configuration list for PBXProject "Cafeyn" */;
			compatibilityVersion = "Xcode 14.0";
			developmentRegion = en;
			hasScannedForEncodings = 0;
			knownRegions = (
				en,
				Base,
			);
			mainGroup = 8E4DA2832C8B37A600E461E6;
			productRefGroup = 8E4DA28D2C8B37A600E461E6 /* Products */;
			projectDirPath = "";
			projectRoot = "";
			targets = (
				8E4DA28B2C8B37A600E461E6 /* Cafeyn */,
				8E4DA2A12C8B37A800E461E6 /* CafeynTests */,
				8E4DA2AB2C8B37A800E461E6 /* CafeynUITests */,
			);
		};
/* End PBXProject section */

/* Begin PBXResourcesBuildPhase section */
		8E4DA28A2C8B37A600E461E6 /* Resources */ = {
			isa = PBXResourcesBuildPhase;
			buildActionMask = 2147483647;
			files = (
				8E4DA2992C8B37A700E461E6 /* Assets.xcassets in Resources */,
				8E4DA29C2C8B37A700E461E6 /* Base in Resources */,
				8E4DA2972C8B37A600E461E6 /* Base in Resources */,
			);
			runOnlyForDeploymentPostprocessing = 0;
		};
		8E4DA2A02C8B37A800E461E6 /* Resources */ = {
			isa = PBXResourcesBuildPhase;
			buildActionMask = 2147483647;
			files = (
			);
			runOnlyForDeploymentPostprocessing = 0;
		};
		8E4DA2AA2C8B37A800E461E6 /* Resources */ = {
			isa = PBXResourcesBuildPhase;
			buildActionMask = 2147483647;
			files = (
			);
			runOnlyForDeploymentPostprocessing = 0;
		};
/* End PBXResourcesBuildPhase section */

/* Begin PBXSourcesBuildPhase section */
		8E4DA2882C8B37A600E461E6 /* Sources */ = {
			isa = PBXSourcesBuildPhase;
			buildActionMask = 2147483647;
			files = (
				8E4DA2942C8B37A600E461E6 /* ViewController.swift in Sources */,
				8E4DA2902C8B37A600E461E6 /* AppDelegate.swift in Sources */,
				8E4DA2922C8B37A600E461E6 /* SceneDelegate.swift in Sources */,
			);
			runOnlyForDeploymentPostprocessing = 0;
		};
		8E4DA29E2C8B37A800E461E6 /* Sources */ = {
			isa = PBXSourcesBuildPhase;
			buildActionMask = 2147483647;
			files = (
				8E4DA2A72C8B37A800E461E6 /* CafeynTests.swift in Sources */,
			);
			runOnlyForDeploymentPostprocessing = 0;
		};
		8E4DA2A82C8B37A800E461E6 /* Sources */ = {
			isa = PBXSourcesBuildPhase;
			buildActionMask = 2147483647;
			files = (
				8E4DA2B32C8B37A800E461E6 /* CafeynUITestsLaunchTests.swift in Sources */,
				8E4DA2B12C8B37A800E461E6 /* CafeynUITests.swift in Sources */,
			);
			runOnlyForDeploymentPostprocessing = 0;
		};
/* End PBXSourcesBuildPhase section */

/* Begin PBXTargetDependency section */
		8E4DA2A42C8B37A800E461E6 /* PBXTargetDependency */ = {
			isa = PBXTargetDependency;
			target = 8E4DA28B2C8B37A600E461E6 /* Cafeyn */;
			targetProxy = 8E4DA2A32C8B37A800E461E6 /* PBXContainerItemProxy */;
		};
		8E4DA2AE2C8B37A800E461E6 /* PBXTargetDependency */ = {
			isa = PBXTargetDependency;
			target = 8E4DA28B2C8B37A600E461E6 /* Cafeyn */;
			targetProxy = 8E4DA2AD2C8B37A800E461E6 /* PBXContainerItemProxy */;
		};
/* End PBXTargetDependency section */

/* Begin PBXVariantGroup section */
		8E4DA2952C8B37A600E461E6 /* Main.storyboard */ = {
			isa = PBXVariantGroup;
			children = (
				8E4DA2962C8B37A600E461E6 /* Base */,
			);
			name = Main.storyboard;
			sourceTree = "<group>";
		};
		8E4DA29A2C8B37A700E461E6 /* LaunchScreen.storyboard */ = {
			isa = PBXVariantGroup;
			children = (
				8E4DA29B2C8B37A700E461E6 /* Base */,
			);
			name = LaunchScreen.storyboard;
			sourceTree = "<group>";
		};
/* End PBXVariantGroup section */

/* Begin XCBuildConfiguration section */
		8E4DA2B42C8B37A800E461E6 /* Debug */ = {
			isa = XCBuildConfiguration;
			buildSettings = {
				ALWAYS_SEARCH_USER_PATHS = NO;
				ASSETCATALOG_COMPILER_GENERATE_SWIFT_ASSET_SYMBOL_EXTENSIONS = YES;
				CLANG_ANALYZER_NONNULL = YES;
				CLANG_ANALYZER_NUMBER_OBJECT_CONVERSION = YES_AGGRESSIVE;
				CLANG_CXX_LANGUAGE_STANDARD = "gnu++20";
				CLANG_ENABLE_MODULES = YES;
				CLANG_ENABLE_OBJC_ARC = YES;
				CLANG_ENABLE_OBJC_WEAK = YES;
				CLANG_WARN_BLOCK_CAPTURE_AUTORELEASING = YES;
				CLANG_WARN_BOOL_CONVERSION = YES;
				CLANG_WARN_COMMA = YES;
				CLANG_WARN_CONSTANT_CONVERSION = YES;
				CLANG_WARN_DEPRECATED_OBJC_IMPLEMENTATIONS = YES;
				CLANG_WARN_DIRECT_OBJC_ISA_USAGE = YES_ERROR;
				CLANG_WARN_DOCUMENTATION_COMMENTS = YES;
				CLANG_WARN_EMPTY_BODY = YES;
				CLANG_WARN_ENUM_CONVERSION = YES;
				CLANG_WARN_INFINITE_RECURSION = YES;
				CLANG_WARN_INT_CONVERSION = YES;
				CLANG_WARN_NON_LITERAL_NULL_CONVERSION = YES;
				CLANG_WARN_OBJC_IMPLICIT_RETAIN_SELF = YES;
				CLANG_WARN_OBJC_LITERAL_CONVERSION = YES;
				CLANG_WARN_OBJC_ROOT_CLASS = YES_ERROR;
				CLANG_WARN_QUOTED_INCLUDE_IN_FRAMEWORK_HEADER = YES;
				CLANG_WARN_RANGE_LOOP_ANALYSIS = YES;
				CLANG_WARN_STRICT_PROTOTYPES = YES;
				CLANG_WARN_SUSPICIOUS_MOVE = YES;
				CLANG_WARN_UNGUARDED_AVAILABILITY = YES_AGGRESSIVE;
				CLANG_WARN_UNREACHABLE_CODE = YES;
				CLANG_WARN__DUPLICATE_METHOD_MATCH = YES;
				COPY_PHASE_STRIP = NO;
				DEBUG_INFORMATION_FORMAT = dwarf;
				ENABLE_STRICT_OBJC_MSGSEND = YES;
				ENABLE_TESTABILITY = YES;
				ENABLE_USER_SCRIPT_SANDBOXING = YES;
				GCC_C_LANGUAGE_STANDARD = gnu17;
				GCC_DYNAMIC_NO_PIC = NO;
				GCC_NO_COMMON_BLOCKS = YES;
				GCC_OPTIMIZATION_LEVEL = 0;
				GCC_PREPROCESSOR_DEFINITIONS = (
					"DEBUG=1",
					"$(inherited)",
				);
				GCC_WARN_64_TO_32_BIT_CONVERSION = YES;
				GCC_WARN_ABOUT_RETURN_TYPE = YES_ERROR;
				GCC_WARN_UNDECLARED_SELECTOR = YES;
				GCC_WARN_UNINITIALIZED_AUTOS = YES_AGGRESSIVE;
				GCC_WARN_UNUSED_FUNCTION = YES;
				GCC_WARN_UNUSED_VARIABLE = YES;
				IPHONEOS_DEPLOYMENT_TARGET = 17.4;
				LOCALIZATION_PREFERS_STRING_CATALOGS = YES;
				MTL_ENABLE_DEBUG_INFO = INCLUDE_SOURCE;
				MTL_FAST_MATH = YES;
				ONLY_ACTIVE_ARCH = YES;
				SDKROOT = iphoneos;
				SWIFT_ACTIVE_COMPILATION_CONDITIONS = "DEBUG $(inherited)";
				SWIFT_OPTIMIZATION_LEVEL = "-Onone";
			};
			name = Debug;
		};
		8E4DA2B52C8B37A800E461E6 /* Release */ = {
			isa = XCBuildConfiguration;
			buildSettings = {
				ALWAYS_SEARCH_USER_PATHS = NO;
				ASSETCATALOG_COMPILER_GENERATE_SWIFT_ASSET_SYMBOL_EXTENSIONS = YES;
				CLANG_ANALYZER_NONNULL = YES;
				CLANG_ANALYZER_NUMBER_OBJECT_CONVERSION = YES_AGGRESSIVE;
				CLANG_CXX_LANGUAGE_STANDARD = "gnu++20";
				CLANG_ENABLE_MODULES = YES;
				CLANG_ENABLE_OBJC_ARC = YES;
				CLANG_ENABLE_OBJC_WEAK = YES;
				CLANG_WARN_BLOCK_CAPTURE_AUTORELEASING = YES;
				CLANG_WARN_BOOL_CONVERSION = YES;
				CLANG_WARN_COMMA = YES;
				CLANG_WARN_CONSTANT_CONVERSION = YES;
				CLANG_WARN_DEPRECATED_OBJC_IMPLEMENTATIONS = YES;
				CLANG_WARN_DIRECT_OBJC_ISA_USAGE = YES_ERROR;
				CLANG_WARN_DOCUMENTATION_COMMENTS = YES;
				CLANG_WARN_EMPTY_BODY = YES;
				CLANG_WARN_ENUM_CONVERSION = YES;
				CLANG_WARN_INFINITE_RECURSION = YES;
				CLANG_WARN_INT_CONVERSION = YES;
				CLANG_WARN_NON_LITERAL_NULL_CONVERSION = YES;
				CLANG_WARN_OBJC_IMPLICIT_RETAIN_SELF = YES;
				CLANG_WARN_OBJC_LITERAL_CONVERSION = YES;
				CLANG_WARN_OBJC_ROOT_CLASS = YES_ERROR;
				CLANG_WARN_QUOTED_INCLUDE_IN_FRAMEWORK_HEADER = YES;
				CLANG_WARN_RANGE_LOOP_ANALYSIS = YES;
				CLANG_WARN_STRICT_PROTOTYPES = YES;
				CLANG_WARN_SUSPICIOUS_MOVE = YES;
				CLANG_WARN_UNGUARDED_AVAILABILITY = YES_AGGRESSIVE;
				CLANG_WARN_UNREACHABLE_CODE = YES;
				CLANG_WARN__DUPLICATE_METHOD_MATCH = YES;
				COPY_PHASE_STRIP = NO;
				DEBUG_INFORMATION_FORMAT = "dwarf-with-dsym";
				ENABLE_NS_ASSERTIONS = NO;
				ENABLE_STRICT_OBJC_MSGSEND = YES;
				ENABLE_USER_SCRIPT_SANDBOXING = YES;
				GCC_C_LANGUAGE_STANDARD = gnu17;
				GCC_NO_COMMON_BLOCKS = YES;
				GCC_WARN_64_TO_32_BIT_CONVERSION = YES;
				GCC_WARN_ABOUT_RETURN_TYPE = YES_ERROR;
				GCC_WARN_UNDECLARED_SELECTOR = YES;
				GCC_WARN_UNINITIALIZED_AUTOS = YES_AGGRESSIVE;
				GCC_WARN_UNUSED_FUNCTION = YES;
				GCC_WARN_UNUSED_VARIABLE = YES;
				IPHONEOS_DEPLOYMENT_TARGET = 17.4;
				LOCALIZATION_PREFERS_STRING_CATALOGS = YES;
				MTL_ENABLE_DEBUG_INFO = NO;
				MTL_FAST_MATH = YES;
				SDKROOT = iphoneos;
				SWIFT_COMPILATION_MODE = wholemodule;
				VALIDATE_PRODUCT = YES;
			};
			name = Release;
		};
		8E4DA2B72C8B37A800E461E6 /* Debug */ = {
			isa = XCBuildConfiguration;
			buildSettings = {
				ASSETCATALOG_COMPILER_APPICON_NAME = AppIcon;
				ASSETCATALOG_COMPILER_GLOBAL_ACCENT_COLOR_NAME = AccentColor;
				CODE_SIGN_STYLE = Automatic;
				CURRENT_PROJECT_VERSION = 1;
				DEVELOPMENT_TEAM = 74FAHTYH42;
				GENERATE_INFOPLIST_FILE = YES;
				INFOPLIST_FILE = Cafeyn/Info.plist;
				INFOPLIST_KEY_UIApplicationSupportsIndirectInputEvents = YES;
				INFOPLIST_KEY_UILaunchStoryboardName = LaunchScreen;
				INFOPLIST_KEY_UIMainStoryboardFile = Main;
				INFOPLIST_KEY_UISupportedInterfaceOrientations_iPad = "UIInterfaceOrientationPortrait UIInterfaceOrientationPortraitUpsideDown UIInterfaceOrientationLandscapeLeft UIInterfaceOrientationLandscapeRight";
				INFOPLIST_KEY_UISupportedInterfaceOrientations_iPhone = "UIInterfaceOrientationPortrait UIInterfaceOrientationLandscapeLeft UIInterfaceOrientationLandscapeRight";
				LD_RUNPATH_SEARCH_PATHS = (
					"$(inherited)",
					"@executable_path/Frameworks",
				);
				MARKETING_VERSION = 1.0;
				PRODUCT_BUNDLE_IDENTIFIER = com.azatgoktas.Cafeyn;
				PRODUCT_NAME = "$(TARGET_NAME)";
				SWIFT_EMIT_LOC_STRINGS = YES;
				SWIFT_VERSION = 5.0;
				TARGETED_DEVICE_FAMILY = "1,2";
			};
			name = Debug;
		};
		8E4DA2B82C8B37A800E461E6 /* Release */ = {
			isa = XCBuildConfiguration;
			buildSettings = {
				ASSETCATALOG_COMPILER_APPICON_NAME = AppIcon;
				ASSETCATALOG_COMPILER_GLOBAL_ACCENT_COLOR_NAME = AccentColor;
				CODE_SIGN_STYLE = Automatic;
				CURRENT_PROJECT_VERSION = 1;
				DEVELOPMENT_TEAM = 74FAHTYH42;
				GENERATE_INFOPLIST_FILE = YES;
				INFOPLIST_FILE = Cafeyn/Info.plist;
				INFOPLIST_KEY_UIApplicationSupportsIndirectInputEvents = YES;
				INFOPLIST_KEY_UILaunchStoryboardName = LaunchScreen;
				INFOPLIST_KEY_UIMainStoryboardFile = Main;
				INFOPLIST_KEY_UISupportedInterfaceOrientations_iPad = "UIInterfaceOrientationPortrait UIInterfaceOrientationPortraitUpsideDown UIInterfaceOrientationLandscapeLeft UIInterfaceOrientationLandscapeRight";
				INFOPLIST_KEY_UISupportedInterfaceOrientations_iPhone = "UIInterfaceOrientationPortrait UIInterfaceOrientationLandscapeLeft UIInterfaceOrientationLandscapeRight";
				LD_RUNPATH_SEARCH_PATHS = (
					"$(inherited)",
					"@executable_path/Frameworks",
				);
				MARKETING_VERSION = 1.0;
				PRODUCT_BUNDLE_IDENTIFIER = com.azatgoktas.Cafeyn;
				PRODUCT_NAME = "$(TARGET_NAME)";
				SWIFT_EMIT_LOC_STRINGS = YES;
				SWIFT_VERSION = 5.0;
				TARGETED_DEVICE_FAMILY = "1,2";
			};
			name = Release;
		};
		8E4DA2BA2C8B37A800E461E6 /* Debug */ = {
			isa = XCBuildConfiguration;
			buildSettings = {
				ALWAYS_EMBED_SWIFT_STANDARD_LIBRARIES = YES;
				BUNDLE_LOADER = "$(TEST_HOST)";
				CODE_SIGN_STYLE = Automatic;
				CURRENT_PROJECT_VERSION = 1;
				DEVELOPMENT_TEAM = 74FAHTYH42;
				GENERATE_INFOPLIST_FILE = YES;
				IPHONEOS_DEPLOYMENT_TARGET = 17.4;
				MARKETING_VERSION = 1.0;
				PRODUCT_BUNDLE_IDENTIFIER = com.azatgoktas.CafeynTests;
				PRODUCT_NAME = "$(TARGET_NAME)";
				SWIFT_EMIT_LOC_STRINGS = NO;
				SWIFT_VERSION = 5.0;
				TARGETED_DEVICE_FAMILY = "1,2";
				TEST_HOST = "$(BUILT_PRODUCTS_DIR)/Cafeyn.app/$(BUNDLE_EXECUTABLE_FOLDER_PATH)/Cafeyn";
			};
			name = Debug;
		};
		8E4DA2BB2C8B37A800E461E6 /* Release */ = {
			isa = XCBuildConfiguration;
			buildSettings = {
				ALWAYS_EMBED_SWIFT_STANDARD_LIBRARIES = YES;
				BUNDLE_LOADER = "$(TEST_HOST)";
				CODE_SIGN_STYLE = Automatic;
				CURRENT_PROJECT_VERSION = 1;
				DEVELOPMENT_TEAM = 74FAHTYH42;
				GENERATE_INFOPLIST_FILE = YES;
				IPHONEOS_DEPLOYMENT_TARGET = 17.4;
				MARKETING_VERSION = 1.0;
				PRODUCT_BUNDLE_IDENTIFIER = com.azatgoktas.CafeynTests;
				PRODUCT_NAME = "$(TARGET_NAME)";
				SWIFT_EMIT_LOC_STRINGS = NO;
				SWIFT_VERSION = 5.0;
				TARGETED_DEVICE_FAMILY = "1,2";
				TEST_HOST = "$(BUILT_PRODUCTS_DIR)/Cafeyn.app/$(BUNDLE_EXECUTABLE_FOLDER_PATH)/Cafeyn";
			};
			name = Release;
		};
		8E4DA2BD2C8B37A800E461E6 /* Debug */ = {
			isa = XCBuildConfiguration;
			buildSettings = {
				ALWAYS_EMBED_SWIFT_STANDARD_LIBRARIES = YES;
				CODE_SIGN_STYLE = Automatic;
				CURRENT_PROJECT_VERSION = 1;
				DEVELOPMENT_TEAM = 74FAHTYH42;
				GENERATE_INFOPLIST_FILE = YES;
				MARKETING_VERSION = 1.0;
				PRODUCT_BUNDLE_IDENTIFIER = com.azatgoktas.CafeynUITests;
				PRODUCT_NAME = "$(TARGET_NAME)";
				SWIFT_EMIT_LOC_STRINGS = NO;
				SWIFT_VERSION = 5.0;
				TARGETED_DEVICE_FAMILY = "1,2";
				TEST_TARGET_NAME = Cafeyn;
			};
			name = Debug;
		};
		8E4DA2BE2C8B37A800E461E6 /* Release */ = {
			isa = XCBuildConfiguration;
			buildSettings = {
				ALWAYS_EMBED_SWIFT_STANDARD_LIBRARIES = YES;
				CODE_SIGN_STYLE = Automatic;
				CURRENT_PROJECT_VERSION = 1;
				DEVELOPMENT_TEAM = 74FAHTYH42;
				GENERATE_INFOPLIST_FILE = YES;
				MARKETING_VERSION = 1.0;
				PRODUCT_BUNDLE_IDENTIFIER = com.azatgoktas.CafeynUITests;
				PRODUCT_NAME = "$(TARGET_NAME)";
				SWIFT_EMIT_LOC_STRINGS = NO;
				SWIFT_VERSION = 5.0;
				TARGETED_DEVICE_FAMILY = "1,2";
				TEST_TARGET_NAME = Cafeyn;
			};
			name = Release;
		};
/* End XCBuildConfiguration section */

/* Begin XCConfigurationList section */
		8E4DA2872C8B37A600E461E6 /* Build configuration list for PBXProject "Cafeyn" */ = {
			isa = XCConfigurationList;
			buildConfigurations = (
				8E4DA2B42C8B37A800E461E6 /* Debug */,
				8E4DA2B52C8B37A800E461E6 /* Release */,
			);
			defaultConfigurationIsVisible = 0;
			defaultConfigurationName = Release;
		};
		8E4DA2B62C8B37A800E461E6 /* Build configuration list for PBXNativeTarget "Cafeyn" */ = {
			isa = XCConfigurationList;
			buildConfigurations = (
				8E4DA2B72C8B37A800E461E6 /* Debug */,
				8E4DA2B82C8B37A800E461E6 /* Release */,
			);
			defaultConfigurationIsVisible = 0;
			defaultConfigurationName = Release;
		};
		8E4DA2B92C8B37A800E461E6 /* Build configuration list for PBXNativeTarget "CafeynTests" */ = {
			isa = XCConfigurationList;
			buildConfigurations = (
				8E4DA2BA2C8B37A800E461E6 /* Debug */,
				8E4DA2BB2C8B37A800E461E6 /* Release */,
			);
			defaultConfigurationIsVisible = 0;
			defaultConfigurationName = Release;
		};
		8E4DA2BC2C8B37A800E461E6 /* Build configuration list for PBXNativeTarget "CafeynUITests" */ = {
			isa = XCConfigurationList;
			buildConfigurations = (
				8E4DA2BD2C8B37A800E461E6 /* Debug */,
				8E4DA2BE2C8B37A800E461E6 /* Release */,
			);
			defaultConfigurationIsVisible = 0;
			defaultConfigurationName = Release;
		};
/* End XCConfigurationList section */
	};
	rootObject = 8E4DA2842C8B37A600E461E6 /* Project object */;
}
